
Microsoft Visual Studio Solution File, Format Version 12.00
# Visual Studio 15
VisualStudioVersion = 15.0.28307.1831
MinimumVisualStudioVersion = 10.0.40219.1
Project("{FAE04EC0-301F-11D3-BF4B-00C04F79EFBC}") = "ClienteSOAP_ConversorMoneda", "ClienteSOAP_ConversorMoneda\ClienteSOAP_ConversorMoneda.csproj", "{3E4B6064-4DFE-47AC-87AA-560B07F8785C}"
EndProject
Global
	GlobalSection(SolutionConfigurationPlatforms) = preSolution
		Debug|Any CPU = Debug|Any CPU
		Release|Any CPU = Release|Any CPU
	EndGlobalSection
	GlobalSection(ProjectConfigurationPlatforms) = postSolution
		{3E4B6064-4DFE-47AC-87AA-560B07F8785C}.Debug|Any CPU.ActiveCfg = Debug|Any CPU
		{3E4B6064-4DFE-47AC-87AA-560B07F8785C}.Debug|Any CPU.Build.0 = Debug|Any CPU
		{3E4B6064-4DFE-47AC-87AA-560B07F8785C}.Release|Any CPU.ActiveCfg = Release|Any CPU
		{3E4B6064-4DFE-47AC-87AA-560B07F8785C}.Release|Any CPU.Build.0 = Release|Any CPU
	EndGlobalSection
	GlobalSection(SolutionProperties) = preSolution
		HideSolutionNode = FALSE
	EndGlobalSection
	GlobalSection(ExtensibilityGlobals) = postSolution
		SolutionGuid = {BBADBEEE-FDDC-4DAD-AD1D-A1252F2DA9AA}
	EndGlobalSection
EndGlobal
